
Microsoft Visual Studio Solution File, Format Version 12.00
# Visual Studio Version 16
VisualStudioVersion = 16.0.31205.134
MinimumVisualStudioVersion = 10.0.40219.1
Project("{FAE04EC0-301F-11D3-BF4B-00C04F79EFBC}") = "Health", "Health.csproj", "{AA186C75-E0E4-47C0-A97F-70DD59F3F2CF}"
EndProject
Global
	GlobalSection(SolutionConfigurationPlatforms) = preSolution
		Debug|Any CPU = Debug|Any CPU
		Release|Any CPU = Release|Any CPU
	EndGlobalSection
	GlobalSection(ProjectConfigurationPlatforms) = postSolution
		{AA186C75-E0E4-47C0-A97F-70DD59F3F2CF}.Debug|Any CPU.ActiveCfg = Debug|Any CPU
		{AA186C75-E0E4-47C0-A97F-70DD59F3F2CF}.Debug|Any CPU.Build.0 = Debug|Any CPU
		{AA186C75-E0E4-47C0-A97F-70DD59F3F2CF}.Release|Any CPU.ActiveCfg = Release|Any CPU
		{AA186C75-E0E4-47C0-A97F-70DD59F3F2CF}.Release|Any CPU.Build.0 = Release|Any CPU
	EndGlobalSection
	GlobalSection(SolutionProperties) = preSolution
		HideSolutionNode = FALSE
	EndGlobalSection
	GlobalSection(ExtensibilityGlobals) = postSolution
		SolutionGuid = {2820DE37-020E-4F83-8C77-DA16F1895F8C}
	EndGlobalSection
EndGlobal
